
Microsoft Visual Studio Solution File, Format Version 12.00
# Visual Studio Version 16
VisualStudioVersion = 16.0.29102.190
MinimumVisualStudioVersion = 10.0.40219.1
Project("{FAE04EC0-301F-11D3-BF4B-00C04F79EFBC}") = "Simple Scanning", "Simple Scanning.csproj", "{3FE564CE-605C-40CF-9976-DB76A4C368CC}"
EndProject
Global
	GlobalSection(SolutionConfigurationPlatforms) = preSolution
		Debug|Any CPU = Debug|Any CPU
		Release|Any CPU = Release|Any CPU
	EndGlobalSection
	GlobalSection(ProjectConfigurationPlatforms) = postSolution
		{3FE564CE-605C-40CF-9976-DB76A4C368CC}.Debug|Any CPU.ActiveCfg = Debug|Any CPU
		{3FE564CE-605C-40CF-9976-DB76A4C368CC}.Debug|Any CPU.Build.0 = Debug|Any CPU
		{3FE564CE-605C-40CF-9976-DB76A4C368CC}.Release|Any CPU.ActiveCfg = Release|Any CPU
		{3FE564CE-605C-40CF-9976-DB76A4C368CC}.Release|Any CPU.Build.0 = Release|Any CPU
	EndGlobalSection
	GlobalSection(SolutionProperties) = preSolution
		HideSolutionNode = FALSE
	EndGlobalSection
	GlobalSection(ExtensibilityGlobals) = postSolution
		SolutionGuid = {5D709E9D-91F4-4DED-9528-0C996A46AE14}
	EndGlobalSection
EndGlobal
